// !$*UTF8*$!
{
	archiveVersion = 1;
	classes = {
	};
	objectVersion = 50;
	objects = {

/* Begin PBXBuildFile section */
		D456BF312493F49400E8CB04 /* WeatherData.swift in Sources */ = {isa = PBXBuildFile; fileRef = D456BF302493F49400E8CB04 /* WeatherData.swift */; };
		D456BF332494030A00E8CB04 /* WeatherModel.swift in Sources */ = {isa = PBXBuildFile; fileRef = D456BF322494030A00E8CB04 /* WeatherModel.swift */; };
		D456BF352494C79F00E8CB04 /* String+CapitalizeFirstLetter.swift in Sources */ = {isa = PBXBuildFile; fileRef = D456BF342494C79F00E8CB04 /* String+CapitalizeFirstLetter.swift */; };
		D4907E9E2492A35500075E76 /* AppDelegate.swift in Sources */ = {isa = PBXBuildFile; fileRef = D4907E9D2492A35500075E76 /* AppDelegate.swift */; };
		D4907EA02492A35500075E76 /* SceneDelegate.swift in Sources */ = {isa = PBXBuildFile; fileRef = D4907E9F2492A35500075E76 /* SceneDelegate.swift */; };
		D4907EA22492A35500075E76 /* WeatherViewController.swift in Sources */ = {isa = PBXBuildFile; fileRef = D4907EA12492A35500075E76 /* WeatherViewController.swift */; };
		D4907EA52492A35500075E76 /* Main.storyboard in Resources */ = {isa = PBXBuildFile; fileRef = D4907EA32492A35500075E76 /* Main.storyboard */; };
		D4907EA72492A35800075E76 /* Assets.xcassets in Resources */ = {isa = PBXBuildFile; fileRef = D4907EA62492A35800075E76 /* Assets.xcassets */; };
		D4907EAA2492A35800075E76 /* LaunchScreen.storyboard in Resources */ = {isa = PBXBuildFile; fileRef = D4907EA82492A35800075E76 /* LaunchScreen.storyboard */; };
		D4907EB42493E31600075E76 /* WeatherManager.swift in Sources */ = {isa = PBXBuildFile; fileRef = D4907EB32493E31600075E76 /* WeatherManager.swift */; };
/* End PBXBuildFile section */

/* Begin PBXFileReference section */
		D456BF302493F49400E8CB04 /* WeatherData.swift */ = {isa = PBXFileReference; lastKnownFileType = sourcecode.swift; path = WeatherData.swift; sourceTree = "<group>"; };
		D456BF322494030A00E8CB04 /* WeatherModel.swift */ = {isa = PBXFileReference; lastKnownFileType = sourcecode.swift; path = WeatherModel.swift; sourceTree = "<group>"; };
		D456BF342494C79F00E8CB04 /* String+CapitalizeFirstLetter.swift */ = {isa = PBXFileReference; lastKnownFileType = sourcecode.swift; path = "String+CapitalizeFirstLetter.swift"; sourceTree = "<group>"; };
		D4907E9A2492A35500075E76 /* WeatherNow.app */ = {isa = PBXFileReference; explicitFileType = wrapper.application; includeInIndex = 0; path = WeatherNow.app; sourceTree = BUILT_PRODUCTS_DIR; };
		D4907E9D2492A35500075E76 /* AppDelegate.swift */ = {isa = PBXFileReference; lastKnownFileType = sourcecode.swift; path = AppDelegate.swift; sourceTree = "<group>"; };
		D4907E9F2492A35500075E76 /* SceneDelegate.swift */ = {isa = PBXFileReference; lastKnownFileType = sourcecode.swift; path = SceneDelegate.swift; sourceTree = "<group>"; };
		D4907EA12492A35500075E76 /* WeatherViewController.swift */ = {isa = PBXFileReference; lastKnownFileType = sourcecode.swift; path = WeatherViewController.swift; sourceTree = "<group>"; };
		D4907EA42492A35500075E76 /* Base */ = {isa = PBXFileReference; lastKnownFileType = file.storyboard; name = Base; path = Base.lproj/Main.storyboard; sourceTree = "<group>"; };
		D4907EA62492A35800075E76 /* Assets.xcassets */ = {isa = PBXFileReference; lastKnownFileType = folder.assetcatalog; path = Assets.xcassets; sourceTree = "<group>"; };
		D4907EA92492A35800075E76 /* Base */ = {isa = PBXFileReference; lastKnownFileType = file.storyboard; name = Base; path = Base.lproj/LaunchScreen.storyboard; sourceTree = "<group>"; };
		D4907EAB2492A35800075E76 /* Info.plist */ = {isa = PBXFileReference; lastKnownFileType = text.plist.xml; path = Info.plist; sourceTree = "<group>"; };
		D4907EB32493E31600075E76 /* WeatherManager.swift */ = {isa = PBXFileReference; lastKnownFileType = sourcecode.swift; path = WeatherManager.swift; sourceTree = "<group>"; };
/* End PBXFileReference section */

/* Begin PBXFrameworksBuildPhase section */
		D4907E972492A35500075E76 /* Frameworks */ = {
			isa = PBXFrameworksBuildPhase;
			buildActionMask = 2147483647;
			files = (
			);
			runOnlyForDeploymentPostprocessing = 0;
		};
/* End PBXFrameworksBuildPhase section */

/* Begin PBXGroup section */
		D456BF362494C7A200E8CB04 /* Extensions */ = {
			isa = PBXGroup;
			children = (
				D456BF342494C79F00E8CB04 /* String+CapitalizeFirstLetter.swift */,
			);
			path = Extensions;
			sourceTree = "<group>";
		};
		D4907E912492A35500075E76 = {
			isa = PBXGroup;
			children = (
				D4907E9C2492A35500075E76 /* WeatherNow */,
				D4907E9B2492A35500075E76 /* Products */,
			);
			sourceTree = "<group>";
		};
		D4907E9B2492A35500075E76 /* Products */ = {
			isa = PBXGroup;
			children = (
				D4907E9A2492A35500075E76 /* WeatherNow.app */,
			);
			name = Products;
			sourceTree = "<group>";
		};
		D4907E9C2492A35500075E76 /* WeatherNow */ = {
			isa = PBXGroup;
			children = (
				D4907E9D2492A35500075E76 /* AppDelegate.swift */,
				D4907E9F2492A35500075E76 /* SceneDelegate.swift */,
				D4907EB52493E31A00075E76 /* Model */,
				D4907EB12492A39F00075E76 /* View */,
				D4907EB22492A3AA00075E76 /* Controller */,
				D456BF362494C7A200E8CB04 /* Extensions */,
				D4907EA62492A35800075E76 /* Assets.xcassets */,
				D4907EA82492A35800075E76 /* LaunchScreen.storyboard */,
				D4907EAB2492A35800075E76 /* Info.plist */,
			);
			path = WeatherNow;
			sourceTree = "<group>";
		};
		D4907EB12492A39F00075E76 /* View */ = {
			isa = PBXGroup;
			children = (
				D4907EA32492A35500075E76 /* Main.storyboard */,
			);
			path = View;
			sourceTree = "<group>";
		};
		D4907EB22492A3AA00075E76 /* Controller */ = {
			isa = PBXGroup;
			children = (
				D4907EB32493E31600075E76 /* WeatherManager.swift */,
				D4907EA12492A35500075E76 /* WeatherViewController.swift */,
			);
			path = Controller;
			sourceTree = "<group>";
		};
		D4907EB52493E31A00075E76 /* Model */ = {
			isa = PBXGroup;
			children = (
				D456BF302493F49400E8CB04 /* WeatherData.swift */,
				D456BF322494030A00E8CB04 /* WeatherModel.swift */,
			);
			path = Model;
			sourceTree = "<group>";
		};
/* End PBXGroup section */

/* Begin PBXNativeTarget section */
		D4907E992492A35500075E76 /* WeatherNow */ = {
			isa = PBXNativeTarget;
			buildConfigurationList = D4907EAE2492A35800075E76 /* Build configuration list for PBXNativeTarget "WeatherNow" */;
			buildPhases = (
				D4907E962492A35500075E76 /* Sources */,
				D4907E972492A35500075E76 /* Frameworks */,
				D4907E982492A35500075E76 /* Resources */,
			);
			buildRules = (
			);
			dependencies = (
			);
			name = WeatherNow;
			productName = WeatherNow;
			productReference = D4907E9A2492A35500075E76 /* WeatherNow.app */;
			productType = "com.apple.product-type.application";
		};
/* End PBXNativeTarget section */

/* Begin PBXProject section */
		D4907E922492A35500075E76 /* Project object */ = {
			isa = PBXProject;
			attributes = {
				LastSwiftUpdateCheck = 1150;
				LastUpgradeCheck = 1150;
				ORGANIZATIONNAME = "Vahram Tadevosian";
				TargetAttributes = {
					D4907E992492A35500075E76 = {
						CreatedOnToolsVersion = 11.5;
					};
				};
			};
			buildConfigurationList = D4907E952492A35500075E76 /* Build configuration list for PBXProject "WeatherNow" */;
			compatibilityVersion = "Xcode 9.3";
			developmentRegion = en;
			hasScannedForEncodings = 0;
			knownRegions = (
				en,
				Base,
			);
			mainGroup = D4907E912492A35500075E76;
			productRefGroup = D4907E9B2492A35500075E76 /* Products */;
			projectDirPath = "";
			projectRoot = "";
			targets = (
				D4907E992492A35500075E76 /* WeatherNow */,
			);
		};
/* End PBXProject section */

/* Begin PBXResourcesBuildPhase section */
		D4907E982492A35500075E76 /* Resources */ = {
			isa = PBXResourcesBuildPhase;
			buildActionMask = 2147483647;
			files = (
				D4907EAA2492A35800075E76 /* LaunchScreen.storyboard in Resources */,
				D4907EA72492A35800075E76 /* Assets.xcassets in Resources */,
				D4907EA52492A35500075E76 /* Main.storyboard in Resources */,
			);
			runOnlyForDeploymentPostprocessing = 0;
		};
/* End PBXResourcesBuildPhase section */

/* Begin PBXSourcesBuildPhase section */
		D4907E962492A35500075E76 /* Sources */ = {
			isa = PBXSourcesBuildPhase;
			buildActionMask = 2147483647;
			files = (
				D4907EA22492A35500075E76 /* WeatherViewController.swift in Sources */,
				D456BF312493F49400E8CB04 /* WeatherData.swift in Sources */,
				D4907E9E2492A35500075E76 /* AppDelegate.swift in Sources */,
				D4907EB42493E31600075E76 /* WeatherManager.swift in Sources */,
				D456BF332494030A00E8CB04 /* WeatherModel.swift in Sources */,
				D456BF352494C79F00E8CB04 /* String+CapitalizeFirstLetter.swift in Sources */,
				D4907EA02492A35500075E76 /* SceneDelegate.swift in Sources */,
			);
			runOnlyForDeploymentPostprocessing = 0;
		};
/* End PBXSourcesBuildPhase section */

/* Begin PBXVariantGroup section */
		D4907EA32492A35500075E76 /* Main.storyboard */ = {
			isa = PBXVariantGroup;
			children = (
				D4907EA42492A35500075E76 /* Base */,
			);
			name = Main.storyboard;
			sourceTree = "<group>";
		};
		D4907EA82492A35800075E76 /* LaunchScreen.storyboard */ = {
			isa = PBXVariantGroup;
			children = (
				D4907EA92492A35800075E76 /* Base */,
			);
			name = LaunchScreen.storyboard;
			sourceTree = "<group>";
		};
/* End PBXVariantGroup section */

/* Begin XCBuildConfiguration section */
		D4907EAC2492A35800075E76 /* Debug */ = {
			isa = XCBuildConfiguration;
			buildSettings = {
				ALWAYS_SEARCH_USER_PATHS = NO;
				CLANG_ANALYZER_NONNULL = YES;
				CLANG_ANALYZER_NUMBER_OBJECT_CONVERSION = YES_AGGRESSIVE;
				CLANG_CXX_LANGUAGE_STANDARD = "gnu++14";
				CLANG_CXX_LIBRARY = "libc++";
				CLANG_ENABLE_MODULES = YES;
				CLANG_ENABLE_OBJC_ARC = YES;
				CLANG_ENABLE_OBJC_WEAK = YES;
				CLANG_WARN_BLOCK_CAPTURE_AUTORELEASING = YES;
				CLANG_WARN_BOOL_CONVERSION = YES;
				CLANG_WARN_COMMA = YES;
				CLANG_WARN_CONSTANT_CONVERSION = YES;
				CLANG_WARN_DEPRECATED_OBJC_IMPLEMENTATIONS = YES;
				CLANG_WARN_DIRECT_OBJC_ISA_USAGE = YES_ERROR;
				CLANG_WARN_DOCUMENTATION_COMMENTS = YES;
				CLANG_WARN_EMPTY_BODY = YES;
				CLANG_WARN_ENUM_CONVERSION = YES;
				CLANG_WARN_INFINITE_RECURSION = YES;
				CLANG_WARN_INT_CONVERSION = YES;
				CLANG_WARN_NON_LITERAL_NULL_CONVERSION = YES;
				CLANG_WARN_OBJC_IMPLICIT_RETAIN_SELF = YES;
				CLANG_WARN_OBJC_LITERAL_CONVERSION = YES;
				CLANG_WARN_OBJC_ROOT_CLASS = YES_ERROR;
				CLANG_WARN_RANGE_LOOP_ANALYSIS = YES;
				CLANG_WARN_STRICT_PROTOTYPES = YES;
				CLANG_WARN_SUSPICIOUS_MOVE = YES;
				CLANG_WARN_UNGUARDED_AVAILABILITY = YES_AGGRESSIVE;
				CLANG_WARN_UNREACHABLE_CODE = YES;
				CLANG_WARN__DUPLICATE_METHOD_MATCH = YES;
				COPY_PHASE_STRIP = NO;
				DEBUG_INFORMATION_FORMAT = dwarf;
				ENABLE_STRICT_OBJC_MSGSEND = YES;
				ENABLE_TESTABILITY = YES;
				GCC_C_LANGUAGE_STANDARD = gnu11;
				GCC_DYNAMIC_NO_PIC = NO;
				GCC_NO_COMMON_BLOCKS = YES;
				GCC_OPTIMIZATION_LEVEL = 0;
				GCC_PREPROCESSOR_DEFINITIONS = (
					"DEBUG=1",
					"$(inherited)",
				);
				GCC_WARN_64_TO_32_BIT_CONVERSION = YES;
				GCC_WARN_ABOUT_RETURN_TYPE = YES_ERROR;
				GCC_WARN_UNDECLARED_SELECTOR = YES;
				GCC_WARN_UNINITIALIZED_AUTOS = YES_AGGRESSIVE;
				GCC_WARN_UNUSED_FUNCTION = YES;
				GCC_WARN_UNUSED_VARIABLE = YES;
				IPHONEOS_DEPLOYMENT_TARGET = 13.5;
				MTL_ENABLE_DEBUG_INFO = INCLUDE_SOURCE;
				MTL_FAST_MATH = YES;
				ONLY_ACTIVE_ARCH = YES;
				SDKROOT = iphoneos;
				SWIFT_ACTIVE_COMPILATION_CONDITIONS = DEBUG;
				SWIFT_OPTIMIZATION_LEVEL = "-Onone";
			};
			name = Debug;
		};
		D4907EAD2492A35800075E76 /* Release */ = {
			isa = XCBuildConfiguration;
			buildSettings = {
				ALWAYS_SEARCH_USER_PATHS = NO;
				CLANG_ANALYZER_NONNULL = YES;
				CLANG_ANALYZER_NUMBER_OBJECT_CONVERSION = YES_AGGRESSIVE;
				CLANG_CXX_LANGUAGE_STANDARD = "gnu++14";
				CLANG_CXX_LIBRARY = "libc++";
				CLANG_ENABLE_MODULES = YES;
				CLANG_ENABLE_OBJC_ARC = YES;
				CLANG_ENABLE_OBJC_WEAK = YES;
				CLANG_WARN_BLOCK_CAPTURE_AUTORELEASING = YES;
				CLANG_WARN_BOOL_CONVERSION = YES;
				CLANG_WARN_COMMA = YES;
				CLANG_WARN_CONSTANT_CONVERSION = YES;
				CLANG_WARN_DEPRECATED_OBJC_IMPLEMENTATIONS = YES;
				CLANG_WARN_DIRECT_OBJC_ISA_USAGE = YES_ERROR;
				CLANG_WARN_DOCUMENTATION_COMMENTS = YES;
				CLANG_WARN_EMPTY_BODY = YES;
				CLANG_WARN_ENUM_CONVERSION = YES;
				CLANG_WARN_INFINITE_RECURSION = YES;
				CLANG_WARN_INT_CONVERSION = YES;
				CLANG_WARN_NON_LITERAL_NULL_CONVERSION = YES;
				CLANG_WARN_OBJC_IMPLICIT_RETAIN_SELF = YES;
				CLANG_WARN_OBJC_LITERAL_CONVERSION = YES;
				CLANG_WARN_OBJC_ROOT_CLASS = YES_ERROR;
				CLANG_WARN_RANGE_LOOP_ANALYSIS = YES;
				CLANG_WARN_STRICT_PROTOTYPES = YES;
				CLANG_WARN_SUSPICIOUS_MOVE = YES;
				CLANG_WARN_UNGUARDED_AVAILABILITY = YES_AGGRESSIVE;
				CLANG_WARN_UNREACHABLE_CODE = YES;
				CLANG_WARN__DUPLICATE_METHOD_MATCH = YES;
				COPY_PHASE_STRIP = NO;
				DEBUG_INFORMATION_FORMAT = "dwarf-with-dsym";
				ENABLE_NS_ASSERTIONS = NO;
				ENABLE_STRICT_OBJC_MSGSEND = YES;
				GCC_C_LANGUAGE_STANDARD = gnu11;
				GCC_NO_COMMON_BLOCKS = YES;
				GCC_WARN_64_TO_32_BIT_CONVERSION = YES;
				GCC_WARN_ABOUT_RETURN_TYPE = YES_ERROR;
				GCC_WARN_UNDECLARED_SELECTOR = YES;
				GCC_WARN_UNINITIALIZED_AUTOS = YES_AGGRESSIVE;
				GCC_WARN_UNUSED_FUNCTION = YES;
				GCC_WARN_UNUSED_VARIABLE = YES;
				IPHONEOS_DEPLOYMENT_TARGET = 13.5;
				MTL_ENABLE_DEBUG_INFO = NO;
				MTL_FAST_MATH = YES;
				SDKROOT = iphoneos;
				SWIFT_COMPILATION_MODE = wholemodule;
				SWIFT_OPTIMIZATION_LEVEL = "-O";
				VALIDATE_PRODUCT = YES;
			};
			name = Release;
		};
		D4907EAF2492A35800075E76 /* Debug */ = {
			isa = XCBuildConfiguration;
			buildSettings = {
				ASSETCATALOG_COMPILER_APPICON_NAME = AppIcon;
				CODE_SIGN_STYLE = Automatic;
				DEVELOPMENT_TEAM = JH43XF7V78;
				INFOPLIST_FILE = WeatherNow/Info.plist;
				LD_RUNPATH_SEARCH_PATHS = (
					"$(inherited)",
					"@executable_path/Frameworks",
				);
				PRODUCT_BUNDLE_IDENTIFIER = com.vt.WeatherNow;
				PRODUCT_NAME = "$(TARGET_NAME)";
				SWIFT_VERSION = 5.0;
				TARGETED_DEVICE_FAMILY = "1,2";
			};
			name = Debug;
		};
		D4907EB02492A35800075E76 /* Release */ = {
			isa = XCBuildConfiguration;
			buildSettings = {
				ASSETCATALOG_COMPILER_APPICON_NAME = AppIcon;
				CODE_SIGN_STYLE = Automatic;
				DEVELOPMENT_TEAM = JH43XF7V78;
				INFOPLIST_FILE = WeatherNow/Info.plist;
				LD_RUNPATH_SEARCH_PATHS = (
					"$(inherited)",
					"@executable_path/Frameworks",
				);
				PRODUCT_BUNDLE_IDENTIFIER = com.vt.WeatherNow;
				PRODUCT_NAME = "$(TARGET_NAME)";
				SWIFT_VERSION = 5.0;
				TARGETED_DEVICE_FAMILY = "1,2";
			};
			name = Release;
		};
/* End XCBuildConfiguration section */

/* Begin XCConfigurationList section */
		D4907E952492A35500075E76 /* Build configuration list for PBXProject "WeatherNow" */ = {
			isa = XCConfigurationList;
			buildConfigurations = (
				D4907EAC2492A35800075E76 /* Debug */,
				D4907EAD2492A35800075E76 /* Release */,
			);
			defaultConfigurationIsVisible = 0;
			defaultConfigurationName = Release;
		};
		D4907EAE2492A35800075E76 /* Build configuration list for PBXNativeTarget "WeatherNow" */ = {
			isa = XCConfigurationList;
			buildConfigurations = (
				D4907EAF2492A35800075E76 /* Debug */,
				D4907EB02492A35800075E76 /* Release */,
			);
			defaultConfigurationIsVisible = 0;
			defaultConfigurationName = Release;
		};
/* End XCConfigurationList section */
	};
	rootObject = D4907E922492A35500075E76 /* Project object */;
}
